lockfileVersion: '6.0'

settings:
  autoInstallPeers: true
  excludeLinksFromLockfile: false

devDependencies:
  '@playwright/test':
    specifier: ^1.28.0
    version: 1.28.0

packages:

  /@playwright/test@1.28.0:
    resolution: {integrity: sha512-vrHs5DFTPwYox5SGKq/7TDn/S4q6RA1zArd7uhO6EyP9hj3XgZBBM12ktMbnDQNxh/fL1IUKsTNLxihmsU38lQ==}
    engines: {node: '>=14'}
    hasBin: true
    dependencies:
      '@types/node': 20.4.2
      playwright-core: 1.28.0
    dev: true

  /@types/node@20.4.2:
    resolution: {integrity: sha512-Dd0BYtWgnWJKwO1jkmTrzofjK2QXXcai0dmtzvIBhcA+RsG5h8R3xlyta0kGOZRNfL9GuRtb1knmPEhQrePCEw==}
    dev: true

  /playwright-core@1.28.0:
    resolution: {integrity: sha512-nJLknd28kPBiCNTbqpu6Wmkrh63OEqJSFw9xOfL9qxfNwody7h6/L3O2dZoWQ6Oxcm0VOHjWmGiCUGkc0X3VZA==}
    engines: {node: '>=14'}
    hasBin: true
    dev: true
